
Microsoft Visual Studio Solution File, Format Version 12.00
# Visual Studio 15
VisualStudioVersion = 15.0.27703.2035
MinimumVisualStudioVersion = 10.0.40219.1
Project("{8BC9CEB8-8B4A-11D0-8D11-00A0C91BC942}") = "DelosOS", "DelosOS\DelosOS.vcxproj", "{9278673F-79AE-4D6C-A0B1-23C2DECB6E6C}"
EndProject
Global
	GlobalSection(SolutionConfigurationPlatforms) = preSolution
		Debug|x64 = Debug|x64
		Debug|x86 = Debug|x86
		Release|x64 = Release|x64
		Release|x86 = Release|x86
	EndGlobalSection
	GlobalSection(ProjectConfigurationPlatforms) = postSolution
		{9278673F-79AE-4D6C-A0B1-23C2DECB6E6C}.Debug|x64.ActiveCfg = Debug|x64
		{9278673F-79AE-4D6C-A0B1-23C2DECB6E6C}.Debug|x64.Build.0 = Debug|x64
		{9278673F-79AE-4D6C-A0B1-23C2DECB6E6C}.Debug|x86.ActiveCfg = Debug|Win32
		{9278673F-79AE-4D6C-A0B1-23C2DECB6E6C}.Debug|x86.Build.0 = Debug|Win32
		{9278673F-79AE-4D6C-A0B1-23C2DECB6E6C}.Release|x64.ActiveCfg = Release|x64
		{9278673F-79AE-4D6C-A0B1-23C2DECB6E6C}.Release|x64.Build.0 = Release|x64
		{9278673F-79AE-4D6C-A0B1-23C2DECB6E6C}.Release|x86.ActiveCfg = Release|Win32
		{9278673F-79AE-4D6C-A0B1-23C2DECB6E6C}.Release|x86.Build.0 = Release|Win32
	EndGlobalSection
	GlobalSection(SolutionProperties) = preSolution
		HideSolutionNode = FALSE
	EndGlobalSection
	GlobalSection(ExtensibilityGlobals) = postSolution
		SolutionGuid = {6DE4D134-BE43-4D10-ABB6-A299F45E3B9E}
	EndGlobalSection
EndGlobal
